
Microsoft Visual Studio Solution File, Format Version 12.00
# Visual Studio Version 17
VisualStudioVersion = 17.11.35222.181
MinimumVisualStudioVersion = 10.0.40219.1
Project("{FAE04EC0-301F-11D3-BF4B-00C04F79EFBC}") = "Test", "Test\Test.csproj", "{16FC3463-95AD-475D-8F31-12B3B761AF48}"
EndProject
Global
	GlobalSection(SolutionConfigurationPlatforms) = preSolution
		Debug|Any CPU = Debug|Any CPU
		Release|Any CPU = Release|Any CPU
	EndGlobalSection
	GlobalSection(ProjectConfigurationPlatforms) = postSolution
		{16FC3463-95AD-475D-8F31-12B3B761AF48}.Debug|Any CPU.ActiveCfg = Debug|Any CPU
		{16FC3463-95AD-475D-8F31-12B3B761AF48}.Debug|Any CPU.Build.0 = Debug|Any CPU
		{16FC3463-95AD-475D-8F31-12B3B761AF48}.Release|Any CPU.ActiveCfg = Release|Any CPU
		{16FC3463-95AD-475D-8F31-12B3B761AF48}.Release|Any CPU.Build.0 = Release|Any CPU
	EndGlobalSection
	GlobalSection(SolutionProperties) = preSolution
		HideSolutionNode = FALSE
	EndGlobalSection
	GlobalSection(ExtensibilityGlobals) = postSolution
		SolutionGuid = {B1323EC9-6213-4C93-BDC9-EE4C5476D2A3}
	EndGlobalSection
EndGlobal
